// !$*UTF8*$!
{
	archiveVersion = 1;
	classes = {
	};
	objectVersion = 50;
	objects = {

/* Begin PBXBuildFile section */
		A957C63F5084EFDBB849CFAD /* Pods_PingMeApp.framework in Frameworks */ = {isa = PBXBuildFile; fileRef = 3B1FF46119454ECEB365F506 /* Pods_PingMeApp.framework */; };
		B239095120ACA0BD0022A466 /* Assets.xcassets in Resources */ = {isa = PBXBuildFile; fileRef = B239095020ACA0BD0022A466 /* Assets.xcassets */; };
		B257053D20A9DD7700214680 /* AppDelegate.swift in Sources */ = {isa = PBXBuildFile; fileRef = B257053C20A9DD7700214680 /* AppDelegate.swift */; };
		B257053F20A9DD7700214680 /* LinksTableViewController.swift in Sources */ = {isa = PBXBuildFile; fileRef = B257053E20A9DD7700214680 /* LinksTableViewController.swift */; };
		B257054220A9DD7700214680 /* Main.storyboard in Resources */ = {isa = PBXBuildFile; fileRef = B257054020A9DD7700214680 /* Main.storyboard */; };
		B257054720A9DD7A00214680 /* LaunchScreen.storyboard in Resources */ = {isa = PBXBuildFile; fileRef = B257054520A9DD7A00214680 /* LaunchScreen.storyboard */; };
		B257055020A9DF7000214680 /* LinkTableViewCell.swift in Sources */ = {isa = PBXBuildFile; fileRef = B257054F20A9DF7000214680 /* LinkTableViewCell.swift */; };
		B29542FF20ABE9DD00783696 /* Network.swift in Sources */ = {isa = PBXBuildFile; fileRef = B29542FE20ABE9DD00783696 /* Network.swift */; };
		B295430120ABEEDD00783696 /* Link.swift in Sources */ = {isa = PBXBuildFile; fileRef = B295430020ABEEDD00783696 /* Link.swift */; };
		B295430320AC05FE00783696 /* LinksTable+CellActions.swift in Sources */ = {isa = PBXBuildFile; fileRef = B295430220AC05FE00783696 /* LinksTable+CellActions.swift */; };
		B295430520AC063D00783696 /* LinksTable+TableViewDelegate.swift in Sources */ = {isa = PBXBuildFile; fileRef = B295430420AC063D00783696 /* LinksTable+TableViewDelegate.swift */; };
		B295430720AC066900783696 /* LinksTable+Searching.swift in Sources */ = {isa = PBXBuildFile; fileRef = B295430620AC066900783696 /* LinksTable+Searching.swift */; };
		B2C755B720AC6AE700A0EF6B /* LinksTableDataSource.swift in Sources */ = {isa = PBXBuildFile; fileRef = B2C755B620AC6AE700A0EF6B /* LinksTableDataSource.swift */; };
		B2CEAB1D20AABAD90072019B /* LinksStore.swift in Sources */ = {isa = PBXBuildFile; fileRef = B2CEAB1C20AABAD90072019B /* LinksStore.swift */; };
/* End PBXBuildFile section */

/* Begin PBXFileReference section */
		3B1FF46119454ECEB365F506 /* Pods_PingMeApp.framework */ = {isa = PBXFileReference; explicitFileType = wrapper.framework; includeInIndex = 0; path = Pods_PingMeApp.framework; sourceTree = BUILT_PRODUCTS_DIR; };
		669E008D8F1B7788ACA9B490 /* Pods-PingMeApp.debug.xcconfig */ = {isa = PBXFileReference; includeInIndex = 1; lastKnownFileType = text.xcconfig; name = "Pods-PingMeApp.debug.xcconfig"; path = "Pods/Target Support Files/Pods-PingMeApp/Pods-PingMeApp.debug.xcconfig"; sourceTree = "<group>"; };
		B239095020ACA0BD0022A466 /* Assets.xcassets */ = {isa = PBXFileReference; lastKnownFileType = folder.assetcatalog; path = Assets.xcassets; sourceTree = "<group>"; };
		B257053920A9DD7700214680 /* PingMeApp.app */ = {isa = PBXFileReference; explicitFileType = wrapper.application; includeInIndex = 0; path = PingMeApp.app; sourceTree = BUILT_PRODUCTS_DIR; };
		B257053C20A9DD7700214680 /* AppDelegate.swift */ = {isa = PBXFileReference; lastKnownFileType = sourcecode.swift; path = AppDelegate.swift; sourceTree = "<group>"; };
		B257053E20A9DD7700214680 /* LinksTableViewController.swift */ = {isa = PBXFileReference; lastKnownFileType = sourcecode.swift; path = LinksTableViewController.swift; sourceTree = "<group>"; };
		B257054120A9DD7700214680 /* Base */ = {isa = PBXFileReference; lastKnownFileType = file.storyboard; name = Base; path = Base.lproj/Main.storyboard; sourceTree = "<group>"; };
		B257054620A9DD7A00214680 /* Base */ = {isa = PBXFileReference; lastKnownFileType = file.storyboard; name = Base; path = Base.lproj/LaunchScreen.storyboard; sourceTree = "<group>"; };
		B257054820A9DD7A00214680 /* Info.plist */ = {isa = PBXFileReference; lastKnownFileType = text.plist.xml; path = Info.plist; sourceTree = "<group>"; };
		B257054F20A9DF7000214680 /* LinkTableViewCell.swift */ = {isa = PBXFileReference; lastKnownFileType = sourcecode.swift; path = LinkTableViewCell.swift; sourceTree = "<group>"; };
		B29542FE20ABE9DD00783696 /* Network.swift */ = {isa = PBXFileReference; lastKnownFileType = sourcecode.swift; path = Network.swift; sourceTree = "<group>"; };
		B295430020ABEEDD00783696 /* Link.swift */ = {isa = PBXFileReference; lastKnownFileType = sourcecode.swift; path = Link.swift; sourceTree = "<group>"; };
		B295430220AC05FE00783696 /* LinksTable+CellActions.swift */ = {isa = PBXFileReference; lastKnownFileType = sourcecode.swift; path = "LinksTable+CellActions.swift"; sourceTree = "<group>"; };
		B295430420AC063D00783696 /* LinksTable+TableViewDelegate.swift */ = {isa = PBXFileReference; lastKnownFileType = sourcecode.swift; path = "LinksTable+TableViewDelegate.swift"; sourceTree = "<group>"; };
		B295430620AC066900783696 /* LinksTable+Searching.swift */ = {isa = PBXFileReference; lastKnownFileType = sourcecode.swift; path = "LinksTable+Searching.swift"; sourceTree = "<group>"; };
		B2C755B620AC6AE700A0EF6B /* LinksTableDataSource.swift */ = {isa = PBXFileReference; lastKnownFileType = sourcecode.swift; path = LinksTableDataSource.swift; sourceTree = "<group>"; };
		B2CEAB1C20AABAD90072019B /* LinksStore.swift */ = {isa = PBXFileReference; lastKnownFileType = sourcecode.swift; path = LinksStore.swift; sourceTree = "<group>"; };
		C16656056BAD7F372CBF1816 /* Pods-PingMeApp.release.xcconfig */ = {isa = PBXFileReference; includeInIndex = 1; lastKnownFileType = text.xcconfig; name = "Pods-PingMeApp.release.xcconfig"; path = "Pods/Target Support Files/Pods-PingMeApp/Pods-PingMeApp.release.xcconfig"; sourceTree = "<group>"; };
/* End PBXFileReference section */

/* Begin PBXFrameworksBuildPhase section */
		B257053620A9DD7700214680 /* Frameworks */ = {
			isa = PBXFrameworksBuildPhase;
			buildActionMask = 2147483647;
			files = (
				A957C63F5084EFDBB849CFAD /* Pods_PingMeApp.framework in Frameworks */,
			);
			runOnlyForDeploymentPostprocessing = 0;
		};
/* End PBXFrameworksBuildPhase section */

/* Begin PBXGroup section */
		42B188270668C6FCBA78676F /* Pods */ = {
			isa = PBXGroup;
			children = (
				669E008D8F1B7788ACA9B490 /* Pods-PingMeApp.debug.xcconfig */,
				C16656056BAD7F372CBF1816 /* Pods-PingMeApp.release.xcconfig */,
			);
			name = Pods;
			sourceTree = "<group>";
		};
		607BE0D7D66C5DCF91DC7758 /* Frameworks */ = {
			isa = PBXGroup;
			children = (
				3B1FF46119454ECEB365F506 /* Pods_PingMeApp.framework */,
			);
			name = Frameworks;
			sourceTree = "<group>";
		};
		B257053020A9DD7700214680 = {
			isa = PBXGroup;
			children = (
				B257053B20A9DD7700214680 /* PingMeApp */,
				B257053A20A9DD7700214680 /* Products */,
				42B188270668C6FCBA78676F /* Pods */,
				607BE0D7D66C5DCF91DC7758 /* Frameworks */,
			);
			sourceTree = "<group>";
		};
		B257053A20A9DD7700214680 /* Products */ = {
			isa = PBXGroup;
			children = (
				B257053920A9DD7700214680 /* PingMeApp.app */,
			);
			name = Products;
			sourceTree = "<group>";
		};
		B257053B20A9DD7700214680 /* PingMeApp */ = {
			isa = PBXGroup;
			children = (
				B2CEAB1E20AABAE00072019B /* Model */,
				B257054E20A9DF4100214680 /* View */,
				B29542FC20AAC9BD00783696 /* Controller */,
				B257053C20A9DD7700214680 /* AppDelegate.swift */,
				B257054020A9DD7700214680 /* Main.storyboard */,
				B29542FD20AACC6400783696 /* Supporting Files */,
			);
			path = PingMeApp;
			sourceTree = "<group>";
		};
		B257054E20A9DF4100214680 /* View */ = {
			isa = PBXGroup;
			children = (
				B257054F20A9DF7000214680 /* LinkTableViewCell.swift */,
			);
			path = View;
			sourceTree = "<group>";
		};
		B29542FC20AAC9BD00783696 /* Controller */ = {
			isa = PBXGroup;
			children = (
				B257053E20A9DD7700214680 /* LinksTableViewController.swift */,
				B295430620AC066900783696 /* LinksTable+Searching.swift */,
				B295430420AC063D00783696 /* LinksTable+TableViewDelegate.swift */,
				B295430220AC05FE00783696 /* LinksTable+CellActions.swift */,
				B2C755B620AC6AE700A0EF6B /* LinksTableDataSource.swift */,
			);
			path = Controller;
			sourceTree = "<group>";
		};
		B29542FD20AACC6400783696 /* Supporting Files */ = {
			isa = PBXGroup;
			children = (
				B239095020ACA0BD0022A466 /* Assets.xcassets */,
				B257054520A9DD7A00214680 /* LaunchScreen.storyboard */,
				B257054820A9DD7A00214680 /* Info.plist */,
			);
			path = "Supporting Files";
			sourceTree = "<group>";
		};
		B2CEAB1E20AABAE00072019B /* Model */ = {
			isa = PBXGroup;
			children = (
				B2CEAB1C20AABAD90072019B /* LinksStore.swift */,
				B295430020ABEEDD00783696 /* Link.swift */,
				B29542FE20ABE9DD00783696 /* Network.swift */,
			);
			path = Model;
			sourceTree = "<group>";
		};
/* End PBXGroup section */

/* Begin PBXNativeTarget section */
		B257053820A9DD7700214680 /* PingMeApp */ = {
			isa = PBXNativeTarget;
			buildConfigurationList = B257054B20A9DD7A00214680 /* Build configuration list for PBXNativeTarget "PingMeApp" */;
			buildPhases = (
				15E2D2A07F4B1EAE7A0A4A3F /* [CP] Check Pods Manifest.lock */,
				B257053520A9DD7700214680 /* Sources */,
				B257053620A9DD7700214680 /* Frameworks */,
				B257053720A9DD7700214680 /* Resources */,
				7BBA9A1786B8F4099D378819 /* [CP] Embed Pods Frameworks */,
			);
			buildRules = (
			);
			dependencies = (
			);
			name = PingMeApp;
			productName = PingMeApp;
			productReference = B257053920A9DD7700214680 /* PingMeApp.app */;
			productType = "com.apple.product-type.application";
		};
/* End PBXNativeTarget section */

/* Begin PBXProject section */
		B257053120A9DD7700214680 /* Project object */ = {
			isa = PBXProject;
			attributes = {
				LastSwiftUpdateCheck = 0930;
				LastUpgradeCheck = 0930;
				ORGANIZATIONNAME = "Mesrop Kareyan";
				TargetAttributes = {
					B257053820A9DD7700214680 = {
						CreatedOnToolsVersion = 9.3;
					};
				};
			};
			buildConfigurationList = B257053420A9DD7700214680 /* Build configuration list for PBXProject "PingMeApp" */;
			compatibilityVersion = "Xcode 9.3";
			developmentRegion = en;
			hasScannedForEncodings = 0;
			knownRegions = (
				en,
				Base,
			);
			mainGroup = B257053020A9DD7700214680;
			productRefGroup = B257053A20A9DD7700214680 /* Products */;
			projectDirPath = "";
			projectRoot = "";
			targets = (
				B257053820A9DD7700214680 /* PingMeApp */,
			);
		};
/* End PBXProject section */

/* Begin PBXResourcesBuildPhase section */
		B257053720A9DD7700214680 /* Resources */ = {
			isa = PBXResourcesBuildPhase;
			buildActionMask = 2147483647;
			files = (
				B257054720A9DD7A00214680 /* LaunchScreen.storyboard in Resources */,
				B239095120ACA0BD0022A466 /* Assets.xcassets in Resources */,
				B257054220A9DD7700214680 /* Main.storyboard in Resources */,
			);
			runOnlyForDeploymentPostprocessing = 0;
		};
/* End PBXResourcesBuildPhase section */

/* Begin PBXShellScriptBuildPhase section */
		15E2D2A07F4B1EAE7A0A4A3F /* [CP] Check Pods Manifest.lock */ = {
			isa = PBXShellScriptBuildPhase;
			buildActionMask = 2147483647;
			files = (
			);
			inputPaths = (
				"${PODS_PODFILE_DIR_PATH}/Podfile.lock",
				"${PODS_ROOT}/Manifest.lock",
			);
			name = "[CP] Check Pods Manifest.lock";
			outputPaths = (
				"$(DERIVED_FILE_DIR)/Pods-PingMeApp-checkManifestLockResult.txt",
			);
			runOnlyForDeploymentPostprocessing = 0;
			shellPath = /bin/sh;
			shellScript = "diff \"${PODS_PODFILE_DIR_PATH}/Podfile.lock\" \"${PODS_ROOT}/Manifest.lock\" > /dev/null\nif [ $? != 0 ] ; then\n    # print error to STDERR\n    echo \"error: The sandbox is not in sync with the Podfile.lock. Run 'pod install' or update your CocoaPods installation.\" >&2\n    exit 1\nfi\n# This output is used by Xcode 'outputs' to avoid re-running this script phase.\necho \"SUCCESS\" > \"${SCRIPT_OUTPUT_FILE_0}\"\n";
			showEnvVarsInLog = 0;
		};
		7BBA9A1786B8F4099D378819 /* [CP] Embed Pods Frameworks */ = {
			isa = PBXShellScriptBuildPhase;
			buildActionMask = 2147483647;
			files = (
			);
			inputPaths = (
				"${SRCROOT}/Pods/Target Support Files/Pods-PingMeApp/Pods-PingMeApp-frameworks.sh",
				"${BUILT_PRODUCTS_DIR}/Realm/Realm.framework",
				"${BUILT_PRODUCTS_DIR}/RealmSwift/RealmSwift.framework",
			);
			name = "[CP] Embed Pods Frameworks";
			outputPaths = (
				"${TARGET_BUILD_DIR}/${FRAMEWORKS_FOLDER_PATH}/Realm.framework",
				"${TARGET_BUILD_DIR}/${FRAMEWORKS_FOLDER_PATH}/RealmSwift.framework",
			);
			runOnlyForDeploymentPostprocessing = 0;
			shellPath = /bin/sh;
			shellScript = "\"${SRCROOT}/Pods/Target Support Files/Pods-PingMeApp/Pods-PingMeApp-frameworks.sh\"\n";
			showEnvVarsInLog = 0;
		};
/* End PBXShellScriptBuildPhase section */

/* Begin PBXSourcesBuildPhase section */
		B257053520A9DD7700214680 /* Sources */ = {
			isa = PBXSourcesBuildPhase;
			buildActionMask = 2147483647;
			files = (
				B29542FF20ABE9DD00783696 /* Network.swift in Sources */,
				B257053F20A9DD7700214680 /* LinksTableViewController.swift in Sources */,
				B2CEAB1D20AABAD90072019B /* LinksStore.swift in Sources */,
				B295430520AC063D00783696 /* LinksTable+TableViewDelegate.swift in Sources */,
				B295430320AC05FE00783696 /* LinksTable+CellActions.swift in Sources */,
				B295430720AC066900783696 /* LinksTable+Searching.swift in Sources */,
				B295430120ABEEDD00783696 /* Link.swift in Sources */,
				B2C755B720AC6AE700A0EF6B /* LinksTableDataSource.swift in Sources */,
				B257053D20A9DD7700214680 /* AppDelegate.swift in Sources */,
				B257055020A9DF7000214680 /* LinkTableViewCell.swift in Sources */,
			);
			runOnlyForDeploymentPostprocessing = 0;
		};
/* End PBXSourcesBuildPhase section */

/* Begin PBXVariantGroup section */
		B257054020A9DD7700214680 /* Main.storyboard */ = {
			isa = PBXVariantGroup;
			children = (
				B257054120A9DD7700214680 /* Base */,
			);
			name = Main.storyboard;
			sourceTree = "<group>";
		};
		B257054520A9DD7A00214680 /* LaunchScreen.storyboard */ = {
			isa = PBXVariantGroup;
			children = (
				B257054620A9DD7A00214680 /* Base */,
			);
			name = LaunchScreen.storyboard;
			sourceTree = "<group>";
		};
/* End PBXVariantGroup section */

/* Begin XCBuildConfiguration section */
		B257054920A9DD7A00214680 /* Debug */ = {
			isa = XCBuildConfiguration;
			buildSettings = {
				ALWAYS_SEARCH_USER_PATHS = NO;
				CLANG_ANALYZER_NONNULL = YES;
				CLANG_ANALYZER_NUMBER_OBJECT_CONVERSION = YES_AGGRESSIVE;
				CLANG_CXX_LANGUAGE_STANDARD = "gnu++14";
				CLANG_CXX_LIBRARY = "libc++";
				CLANG_ENABLE_MODULES = YES;
				CLANG_ENABLE_OBJC_ARC = YES;
				CLANG_ENABLE_OBJC_WEAK = YES;
				CLANG_WARN_BLOCK_CAPTURE_AUTORELEASING = YES;
				CLANG_WARN_BOOL_CONVERSION = YES;
				CLANG_WARN_COMMA = YES;
				CLANG_WARN_CONSTANT_CONVERSION = YES;
				CLANG_WARN_DEPRECATED_OBJC_IMPLEMENTATIONS = YES;
				CLANG_WARN_DIRECT_OBJC_ISA_USAGE = YES_ERROR;
				CLANG_WARN_DOCUMENTATION_COMMENTS = YES;
				CLANG_WARN_EMPTY_BODY = YES;
				CLANG_WARN_ENUM_CONVERSION = YES;
				CLANG_WARN_INFINITE_RECURSION = YES;
				CLANG_WARN_INT_CONVERSION = YES;
				CLANG_WARN_NON_LITERAL_NULL_CONVERSION = YES;
				CLANG_WARN_OBJC_IMPLICIT_RETAIN_SELF = YES;
				CLANG_WARN_OBJC_LITERAL_CONVERSION = YES;
				CLANG_WARN_OBJC_ROOT_CLASS = YES_ERROR;
				CLANG_WARN_RANGE_LOOP_ANALYSIS = YES;
				CLANG_WARN_STRICT_PROTOTYPES = YES;
				CLANG_WARN_SUSPICIOUS_MOVE = YES;
				CLANG_WARN_UNGUARDED_AVAILABILITY = YES_AGGRESSIVE;
				CLANG_WARN_UNREACHABLE_CODE = YES;
				CLANG_WARN__DUPLICATE_METHOD_MATCH = YES;
				CODE_SIGN_IDENTITY = "iPhone Developer";
				COPY_PHASE_STRIP = NO;
				DEBUG_INFORMATION_FORMAT = dwarf;
				ENABLE_STRICT_OBJC_MSGSEND = YES;
				ENABLE_TESTABILITY = YES;
				GCC_C_LANGUAGE_STANDARD = gnu11;
				GCC_DYNAMIC_NO_PIC = NO;
				GCC_NO_COMMON_BLOCKS = YES;
				GCC_OPTIMIZATION_LEVEL = 0;
				GCC_PREPROCESSOR_DEFINITIONS = (
					"DEBUG=1",
					"$(inherited)",
				);
				GCC_WARN_64_TO_32_BIT_CONVERSION = YES;
				GCC_WARN_ABOUT_RETURN_TYPE = YES_ERROR;
				GCC_WARN_UNDECLARED_SELECTOR = YES;
				GCC_WARN_UNINITIALIZED_AUTOS = YES_AGGRESSIVE;
				GCC_WARN_UNUSED_FUNCTION = YES;
				GCC_WARN_UNUSED_VARIABLE = YES;
				IPHONEOS_DEPLOYMENT_TARGET = 11.3;
				MTL_ENABLE_DEBUG_INFO = YES;
				ONLY_ACTIVE_ARCH = YES;
				SDKROOT = iphoneos;
				SWIFT_ACTIVE_COMPILATION_CONDITIONS = DEBUG;
				SWIFT_OPTIMIZATION_LEVEL = "-Onone";
			};
			name = Debug;
		};
		B257054A20A9DD7A00214680 /* Release */ = {
			isa = XCBuildConfiguration;
			buildSettings = {
				ALWAYS_SEARCH_USER_PATHS = NO;
				CLANG_ANALYZER_NONNULL = YES;
				CLANG_ANALYZER_NUMBER_OBJECT_CONVERSION = YES_AGGRESSIVE;
				CLANG_CXX_LANGUAGE_STANDARD = "gnu++14";
				CLANG_CXX_LIBRARY = "libc++";
				CLANG_ENABLE_MODULES = YES;
				CLANG_ENABLE_OBJC_ARC = YES;
				CLANG_ENABLE_OBJC_WEAK = YES;
				CLANG_WARN_BLOCK_CAPTURE_AUTORELEASING = YES;
				CLANG_WARN_BOOL_CONVERSION = YES;
				CLANG_WARN_COMMA = YES;
				CLANG_WARN_CONSTANT_CONVERSION = YES;
				CLANG_WARN_DEPRECATED_OBJC_IMPLEMENTATIONS = YES;
				CLANG_WARN_DIRECT_OBJC_ISA_USAGE = YES_ERROR;
				CLANG_WARN_DOCUMENTATION_COMMENTS = YES;
				CLANG_WARN_EMPTY_BODY = YES;
				CLANG_WARN_ENUM_CONVERSION = YES;
				CLANG_WARN_INFINITE_RECURSION = YES;
				CLANG_WARN_INT_CONVERSION = YES;
				CLANG_WARN_NON_LITERAL_NULL_CONVERSION = YES;
				CLANG_WARN_OBJC_IMPLICIT_RETAIN_SELF = YES;
				CLANG_WARN_OBJC_LITERAL_CONVERSION = YES;
				CLANG_WARN_OBJC_ROOT_CLASS = YES_ERROR;
				CLANG_WARN_RANGE_LOOP_ANALYSIS = YES;
				CLANG_WARN_STRICT_PROTOTYPES = YES;
				CLANG_WARN_SUSPICIOUS_MOVE = YES;
				CLANG_WARN_UNGUARDED_AVAILABILITY = YES_AGGRESSIVE;
				CLANG_WARN_UNREACHABLE_CODE = YES;
				CLANG_WARN__DUPLICATE_METHOD_MATCH = YES;
				CODE_SIGN_IDENTITY = "iPhone Developer";
				COPY_PHASE_STRIP = NO;
				DEBUG_INFORMATION_FORMAT = "dwarf-with-dsym";
				ENABLE_NS_ASSERTIONS = NO;
				ENABLE_STRICT_OBJC_MSGSEND = YES;
				GCC_C_LANGUAGE_STANDARD = gnu11;
				GCC_NO_COMMON_BLOCKS = YES;
				GCC_WARN_64_TO_32_BIT_CONVERSION = YES;
				GCC_WARN_ABOUT_RETURN_TYPE = YES_ERROR;
				GCC_WARN_UNDECLARED_SELECTOR = YES;
				GCC_WARN_UNINITIALIZED_AUTOS = YES_AGGRESSIVE;
				GCC_WARN_UNUSED_FUNCTION = YES;
				GCC_WARN_UNUSED_VARIABLE = YES;
				IPHONEOS_DEPLOYMENT_TARGET = 11.3;
				MTL_ENABLE_DEBUG_INFO = NO;
				SDKROOT = iphoneos;
				SWIFT_COMPILATION_MODE = wholemodule;
				SWIFT_OPTIMIZATION_LEVEL = "-O";
				VALIDATE_PRODUCT = YES;
			};
			name = Release;
		};
		B257054C20A9DD7A00214680 /* Debug */ = {
			isa = XCBuildConfiguration;
			baseConfigurationReference = 669E008D8F1B7788ACA9B490 /* Pods-PingMeApp.debug.xcconfig */;
			buildSettings = {
				ASSETCATALOG_COMPILER_APPICON_NAME = AppIcon;
				CODE_SIGN_STYLE = Automatic;
				DEVELOPMENT_TEAM = G7XAPEX3G9;
				INFOPLIST_FILE = "$(SRCROOT)/PingMeApp/Supporting Files/Info.plist";
				IPHONEOS_DEPLOYMENT_TARGET = 9.0;
				LD_RUNPATH_SEARCH_PATHS = (
					"$(inherited)",
					"@executable_path/Frameworks",
				);
				PRODUCT_BUNDLE_IDENTIFIER = mesrop.kareyan.PingMeApp;
				PRODUCT_NAME = "$(TARGET_NAME)";
				SWIFT_VERSION = 4.0;
				TARGETED_DEVICE_FAMILY = "1,2";
			};
			name = Debug;
		};
		B257054D20A9DD7A00214680 /* Release */ = {
			isa = XCBuildConfiguration;
			baseConfigurationReference = C16656056BAD7F372CBF1816 /* Pods-PingMeApp.release.xcconfig */;
			buildSettings = {
				ASSETCATALOG_COMPILER_APPICON_NAME = AppIcon;
				CODE_SIGN_STYLE = Automatic;
				DEVELOPMENT_TEAM = G7XAPEX3G9;
				INFOPLIST_FILE = "$(SRCROOT)/PingMeApp/Supporting Files/Info.plist";
				IPHONEOS_DEPLOYMENT_TARGET = 9.0;
				LD_RUNPATH_SEARCH_PATHS = (
					"$(inherited)",
					"@executable_path/Frameworks",
				);
				PRODUCT_BUNDLE_IDENTIFIER = mesrop.kareyan.PingMeApp;
				PRODUCT_NAME = "$(TARGET_NAME)";
				SWIFT_VERSION = 4.0;
				TARGETED_DEVICE_FAMILY = "1,2";
			};
			name = Release;
		};
/* End XCBuildConfiguration section */

/* Begin XCConfigurationList section */
		B257053420A9DD7700214680 /* Build configuration list for PBXProject "PingMeApp" */ = {
			isa = XCConfigurationList;
			buildConfigurations = (
				B257054920A9DD7A00214680 /* Debug */,
				B257054A20A9DD7A00214680 /* Release */,
			);
			defaultConfigurationIsVisible = 0;
			defaultConfigurationName = Release;
		};
		B257054B20A9DD7A00214680 /* Build configuration list for PBXNativeTarget "PingMeApp" */ = {
			isa = XCConfigurationList;
			buildConfigurations = (
				B257054C20A9DD7A00214680 /* Debug */,
				B257054D20A9DD7A00214680 /* Release */,
			);
			defaultConfigurationIsVisible = 0;
			defaultConfigurationName = Release;
		};
/* End XCConfigurationList section */
	};
	rootObject = B257053120A9DD7700214680 /* Project object */;
}
